
Microsoft Visual Studio Solution File, Format Version 12.00
# Visual Studio Version 16
VisualStudioVersion = 16.0.31410.357
MinimumVisualStudioVersion = 10.0.40219.1
Project("{FAE04EC0-301F-11D3-BF4B-00C04F79EFBC}") = "GMSWeb", "GMSWeb\GMSWeb.csproj", "{71CE0DEA-27EC-4B68-8606-6EC4AD247E8F}"
EndProject
Project("{FAE04EC0-301F-11D3-BF4B-00C04F79EFBC}") = "GMSCore", "GMSCore\GMSCore.csproj", "{68AF0E9C-557E-4E58-AEEA-9CD54D237DAC}"
EndProject
Project("{FAE04EC0-301F-11D3-BF4B-00C04F79EFBC}") = "GMSConApp", "GMSConApp\GMSConApp.csproj", "{7F20623D-879C-4373-AD8F-CFF793830E03}"
EndProject
Global
	GlobalSection(SolutionConfigurationPlatforms) = preSolution
		Debug|Any CPU = Debug|Any CPU
		Release|Any CPU = Release|Any CPU
	EndGlobalSection
	GlobalSection(ProjectConfigurationPlatforms) = postSolution
		{71CE0DEA-27EC-4B68-8606-6EC4AD247E8F}.Debug|Any CPU.ActiveCfg = Debug|Any CPU
		{71CE0DEA-27EC-4B68-8606-6EC4AD247E8F}.Debug|Any CPU.Build.0 = Debug|Any CPU
		{71CE0DEA-27EC-4B68-8606-6EC4AD247E8F}.Release|Any CPU.ActiveCfg = Release|Any CPU
		{71CE0DEA-27EC-4B68-8606-6EC4AD247E8F}.Release|Any CPU.Build.0 = Release|Any CPU
		{68AF0E9C-557E-4E58-AEEA-9CD54D237DAC}.Debug|Any CPU.ActiveCfg = Debug|Any CPU
		{68AF0E9C-557E-4E58-AEEA-9CD54D237DAC}.Debug|Any CPU.Build.0 = Debug|Any CPU
		{68AF0E9C-557E-4E58-AEEA-9CD54D237DAC}.Release|Any CPU.ActiveCfg = Release|Any CPU
		{68AF0E9C-557E-4E58-AEEA-9CD54D237DAC}.Release|Any CPU.Build.0 = Release|Any CPU
		{7F20623D-879C-4373-AD8F-CFF793830E03}.Debug|Any CPU.ActiveCfg = Debug|Any CPU
		{7F20623D-879C-4373-AD8F-CFF793830E03}.Debug|Any CPU.Build.0 = Debug|Any CPU
		{7F20623D-879C-4373-AD8F-CFF793830E03}.Release|Any CPU.ActiveCfg = Release|Any CPU
		{7F20623D-879C-4373-AD8F-CFF793830E03}.Release|Any CPU.Build.0 = Release|Any CPU
	EndGlobalSection
	GlobalSection(SolutionProperties) = preSolution
		HideSolutionNode = FALSE
	EndGlobalSection
	GlobalSection(ExtensibilityGlobals) = postSolution
		SolutionGuid = {B269A0DB-5E36-41FC-BB2D-4668AA324D71}
	EndGlobalSection
EndGlobal
